
Microsoft Visual Studio Solution File, Format Version 12.00
# Visual Studio 15
VisualStudioVersion = 15.0.27703.2042
MinimumVisualStudioVersion = 10.0.40219.1
Project("{FAE04EC0-301F-11D3-BF4B-00C04F79EFBC}") = "Ez2AcWallpapers", "Ez2AcWallpapers\Ez2AcWallpapers.csproj", "{33D73DF1-5E9E-4BF0-83F5-1F623623F21D}"
EndProject
Global
	GlobalSection(SolutionConfigurationPlatforms) = preSolution
		Debug|Any CPU = Debug|Any CPU
		Debug|x64 = Debug|x64
		Release|Any CPU = Release|Any CPU
		Release|x64 = Release|x64
	EndGlobalSection
	GlobalSection(ProjectConfigurationPlatforms) = postSolution
		{33D73DF1-5E9E-4BF0-83F5-1F623623F21D}.Debug|Any CPU.ActiveCfg = Debug|Any CPU
		{33D73DF1-5E9E-4BF0-83F5-1F623623F21D}.Debug|Any CPU.Build.0 = Debug|Any CPU
		{33D73DF1-5E9E-4BF0-83F5-1F623623F21D}.Debug|x64.ActiveCfg = Debug|x64
		{33D73DF1-5E9E-4BF0-83F5-1F623623F21D}.Debug|x64.Build.0 = Debug|x64
		{33D73DF1-5E9E-4BF0-83F5-1F623623F21D}.Release|Any CPU.ActiveCfg = Release|Any CPU
		{33D73DF1-5E9E-4BF0-83F5-1F623623F21D}.Release|Any CPU.Build.0 = Release|Any CPU
		{33D73DF1-5E9E-4BF0-83F5-1F623623F21D}.Release|x64.ActiveCfg = Release|x64
		{33D73DF1-5E9E-4BF0-83F5-1F623623F21D}.Release|x64.Build.0 = Release|x64
	EndGlobalSection
	GlobalSection(SolutionProperties) = preSolution
		HideSolutionNode = FALSE
	EndGlobalSection
	GlobalSection(ExtensibilityGlobals) = postSolution
		SolutionGuid = {9E412D0C-B0D5-4890-AC1E-0A6A9B53B436}
	EndGlobalSection
EndGlobal
